
Microsoft Visual Studio Solution File, Format Version 12.00
# Visual Studio Version 16
VisualStudioVersion = 16.0.30225.117
MinimumVisualStudioVersion = 10.0.40219.1
Project("{FAE04EC0-301F-11D3-BF4B-00C04F79EFBC}") = "LinkGroup.DemoTests", "LinkGroup.DemoTests\LinkGroup.DemoTests.csproj", "{0416AD32-4378-45D4-826C-3EB026F95008}"
EndProject
Global
	GlobalSection(SolutionConfigurationPlatforms) = preSolution
		Debug|Any CPU = Debug|Any CPU
		Release|Any CPU = Release|Any CPU
	EndGlobalSection
	GlobalSection(ProjectConfigurationPlatforms) = postSolution
		{0416AD32-4378-45D4-826C-3EB026F95008}.Debug|Any CPU.ActiveCfg = Debug|Any CPU
		{0416AD32-4378-45D4-826C-3EB026F95008}.Debug|Any CPU.Build.0 = Debug|Any CPU
		{0416AD32-4378-45D4-826C-3EB026F95008}.Release|Any CPU.ActiveCfg = Release|Any CPU
		{0416AD32-4378-45D4-826C-3EB026F95008}.Release|Any CPU.Build.0 = Release|Any CPU
	EndGlobalSection
	GlobalSection(SolutionProperties) = preSolution
		HideSolutionNode = FALSE
	EndGlobalSection
	GlobalSection(ExtensibilityGlobals) = postSolution
		SolutionGuid = {5E5AF90A-52DD-41D3-8184-D4026256E51A}
	EndGlobalSection
EndGlobal
